
Microsoft Visual Studio Solution File, Format Version 12.00
# Visual Studio 15
VisualStudioVersion = 15.0.28010.2019
MinimumVisualStudioVersion = 10.0.40219.1
Project("{FAE04EC0-301F-11D3-BF4B-00C04F79EFBC}") = "HeroesWebAPI", "HeroesWebAPI\HeroesWebAPI.csproj", "{E849BDA0-C70A-4B0B-BA47-BABD3EEE731C}"
EndProject
Project("{FAE04EC0-301F-11D3-BF4B-00C04F79EFBC}") = "HeroesDAL", "HeroesDAL\HeroesDAL.csproj", "{629001F6-95A8-4C79-9518-38221CBA1716}"
EndProject
Global
	GlobalSection(SolutionConfigurationPlatforms) = preSolution
		Debug|Any CPU = Debug|Any CPU
		Release|Any CPU = Release|Any CPU
	EndGlobalSection
	GlobalSection(ProjectConfigurationPlatforms) = postSolution
		{E849BDA0-C70A-4B0B-BA47-BABD3EEE731C}.Debug|Any CPU.ActiveCfg = Debug|Any CPU
		{E849BDA0-C70A-4B0B-BA47-BABD3EEE731C}.Debug|Any CPU.Build.0 = Debug|Any CPU
		{E849BDA0-C70A-4B0B-BA47-BABD3EEE731C}.Release|Any CPU.ActiveCfg = Release|Any CPU
		{E849BDA0-C70A-4B0B-BA47-BABD3EEE731C}.Release|Any CPU.Build.0 = Release|Any CPU
		{629001F6-95A8-4C79-9518-38221CBA1716}.Debug|Any CPU.ActiveCfg = Debug|Any CPU
		{629001F6-95A8-4C79-9518-38221CBA1716}.Debug|Any CPU.Build.0 = Debug|Any CPU
		{629001F6-95A8-4C79-9518-38221CBA1716}.Release|Any CPU.ActiveCfg = Release|Any CPU
		{629001F6-95A8-4C79-9518-38221CBA1716}.Release|Any CPU.Build.0 = Release|Any CPU
	EndGlobalSection
	GlobalSection(SolutionProperties) = preSolution
		HideSolutionNode = FALSE
	EndGlobalSection
	GlobalSection(ExtensibilityGlobals) = postSolution
		SolutionGuid = {05B9847F-1534-416D-B42A-0355FAA99CC1}
	EndGlobalSection
EndGlobal
